
Microsoft Visual Studio Solution File, Format Version 12.00
# Visual Studio Version 16
VisualStudioVersion = 16.0.30804.86
MinimumVisualStudioVersion = 15.0.26124.0
Project("{2150E333-8FDC-42A3-9474-1A3956D46DE8}") = "src", "src", "{2E6E02F8-DD33-4D3B-8884-4E14185B108B}"
EndProject
Project("{2150E333-8FDC-42A3-9474-1A3956D46DE8}") = "ApiGateway", "ApiGateway", "{B162EF79-76CA-4062-A804-D64977E4046D}"
EndProject
Project("{2150E333-8FDC-42A3-9474-1A3956D46DE8}") = "Services", "Services", "{25FD28C1-F7C4-4E9C-B1E6-D08971A1F209}"
EndProject
Project("{2150E333-8FDC-42A3-9474-1A3956D46DE8}") = "Identity", "Identity", "{996D0C29-E1F3-4C5D-8AB7-8425394ED455}"
EndProject
Project("{2150E333-8FDC-42A3-9474-1A3956D46DE8}") = "Catalog", "Catalog", "{68761829-1B90-42E4-B8D0-90F060AA055D}"
EndProject
Project("{2150E333-8FDC-42A3-9474-1A3956D46DE8}") = "Store", "Store", "{63DE329D-57DC-45A5-8D5E-FC01F0A7218B}"
EndProject
Project("{2150E333-8FDC-42A3-9474-1A3956D46DE8}") = "Payment", "Payment", "{F82593BF-EE93-43ED-9B74-BA4E3CAAEB0D}"
EndProject
Project("{2150E333-8FDC-42A3-9474-1A3956D46DE8}") = "01-API", "01-API", "{E8B7616F-474F-4018-B332-7F96C066D1AB}"
EndProject
Project("{2150E333-8FDC-42A3-9474-1A3956D46DE8}") = "02-Application", "02-Application", "{00AA4BE5-A730-43AD-A3FE-656A540D1F79}"
EndProject
Project("{2150E333-8FDC-42A3-9474-1A3956D46DE8}") = "03-Domain", "03-Domain", "{FCAB616F-3F3A-48B1-88E1-0F8E701A4487}"
EndProject
Project("{2150E333-8FDC-42A3-9474-1A3956D46DE8}") = "04-Infrastructure", "04-Infrastructure", "{95F1DB87-2D2C-4CB5-9E28-C198C8152786}"
EndProject
Project("{2150E333-8FDC-42A3-9474-1A3956D46DE8}") = "05-ExternalServices", "05-ExternalServices", "{58F61029-5EE6-442C-ADC9-91B50A1EE2C2}"
EndProject
Project("{FAE04EC0-301F-11D3-BF4B-00C04F79EFBC}") = "IdentityServer.API", "IdentityServer.API\IdentityServer.API.csproj", "{B9B98F5A-E73D-46F7-90CC-D61E87FE3B6D}"
EndProject
Project("{FAE04EC0-301F-11D3-BF4B-00C04F79EFBC}") = "IdentityServer.Application", "IdentityServer.Application\IdentityServer.Application.csproj", "{76FDF0F3-9362-4E41-99AD-02BD7319BE4F}"
EndProject
Project("{FAE04EC0-301F-11D3-BF4B-00C04F79EFBC}") = "IdentityServer.Domain", "IdentityServer.Domain\IdentityServer.Domain.csproj", "{2FBFE84C-2A1F-4278-AAC2-8C838F0D16B8}"
EndProject
Project("{FAE04EC0-301F-11D3-BF4B-00C04F79EFBC}") = "IdentityServer.CrossCutting", "IdentityServer.CrossCutting\IdentityServer.CrossCutting.csproj", "{0D010393-DDEE-41E4-B651-FEA96E39DB4E}"
EndProject
Project("{FAE04EC0-301F-11D3-BF4B-00C04F79EFBC}") = "IdentityServer.Data", "IdentityServer.Data\IdentityServer.Data.csproj", "{A6B3C094-6D76-424E-BD98-B41DF7A79668}"
EndProject
Project("{FAE04EC0-301F-11D3-BF4B-00C04F79EFBC}") = "IdentityServer.ExternalServices", "IdentityServer.ExternalServices\IdentityServer.ExternalServices.csproj", "{8ECB2951-32CC-4CDC-93B5-5EA1068EF460}"
EndProject
Project("{FAE04EC0-301F-11D3-BF4B-00C04F79EFBC}") = "IdentityServer.Domain.SharedKernel", "IdentityServer.Domain.SharedKernel\IdentityServer.Domain.SharedKernel.csproj", "{D62F29AA-A742-4DCD-B7C2-861987D1B2E1}"
EndProject
Global
	GlobalSection(SolutionConfigurationPlatforms) = preSolution
		Debug|Any CPU = Debug|Any CPU
		Debug|x64 = Debug|x64
		Debug|x86 = Debug|x86
		Release|Any CPU = Release|Any CPU
		Release|x64 = Release|x64
		Release|x86 = Release|x86
	EndGlobalSection
	GlobalSection(ProjectConfigurationPlatforms) = postSolution
		{B9B98F5A-E73D-46F7-90CC-D61E87FE3B6D}.Debug|Any CPU.ActiveCfg = Debug|Any CPU
		{B9B98F5A-E73D-46F7-90CC-D61E87FE3B6D}.Debug|Any CPU.Build.0 = Debug|Any CPU
		{B9B98F5A-E73D-46F7-90CC-D61E87FE3B6D}.Debug|x64.ActiveCfg = Debug|Any CPU
		{B9B98F5A-E73D-46F7-90CC-D61E87FE3B6D}.Debug|x64.Build.0 = Debug|Any CPU
		{B9B98F5A-E73D-46F7-90CC-D61E87FE3B6D}.Debug|x86.ActiveCfg = Debug|Any CPU
		{B9B98F5A-E73D-46F7-90CC-D61E87FE3B6D}.Debug|x86.Build.0 = Debug|Any CPU
		{B9B98F5A-E73D-46F7-90CC-D61E87FE3B6D}.Release|Any CPU.ActiveCfg = Release|Any CPU
		{B9B98F5A-E73D-46F7-90CC-D61E87FE3B6D}.Release|Any CPU.Build.0 = Release|Any CPU
		{B9B98F5A-E73D-46F7-90CC-D61E87FE3B6D}.Release|x64.ActiveCfg = Release|Any CPU
		{B9B98F5A-E73D-46F7-90CC-D61E87FE3B6D}.Release|x64.Build.0 = Release|Any CPU
		{B9B98F5A-E73D-46F7-90CC-D61E87FE3B6D}.Release|x86.ActiveCfg = Release|Any CPU
		{B9B98F5A-E73D-46F7-90CC-D61E87FE3B6D}.Release|x86.Build.0 = Release|Any CPU
		{76FDF0F3-9362-4E41-99AD-02BD7319BE4F}.Debug|Any CPU.ActiveCfg = Debug|Any CPU
		{76FDF0F3-9362-4E41-99AD-02BD7319BE4F}.Debug|Any CPU.Build.0 = Debug|Any CPU
		{76FDF0F3-9362-4E41-99AD-02BD7319BE4F}.Debug|x64.ActiveCfg = Debug|Any CPU
		{76FDF0F3-9362-4E41-99AD-02BD7319BE4F}.Debug|x64.Build.0 = Debug|Any CPU
		{76FDF0F3-9362-4E41-99AD-02BD7319BE4F}.Debug|x86.ActiveCfg = Debug|Any CPU
		{76FDF0F3-9362-4E41-99AD-02BD7319BE4F}.Debug|x86.Build.0 = Debug|Any CPU
		{76FDF0F3-9362-4E41-99AD-02BD7319BE4F}.Release|Any CPU.ActiveCfg = Release|Any CPU
		{76FDF0F3-9362-4E41-99AD-02BD7319BE4F}.Release|Any CPU.Build.0 = Release|Any CPU
		{76FDF0F3-9362-4E41-99AD-02BD7319BE4F}.Release|x64.ActiveCfg = Release|Any CPU
		{76FDF0F3-9362-4E41-99AD-02BD7319BE4F}.Release|x64.Build.0 = Release|Any CPU
		{76FDF0F3-9362-4E41-99AD-02BD7319BE4F}.Release|x86.ActiveCfg = Release|Any CPU
		{76FDF0F3-9362-4E41-99AD-02BD7319BE4F}.Release|x86.Build.0 = Release|Any CPU
		{2FBFE84C-2A1F-4278-AAC2-8C838F0D16B8}.Debug|Any CPU.ActiveCfg = Debug|Any CPU
		{2FBFE84C-2A1F-4278-AAC2-8C838F0D16B8}.Debug|Any CPU.Build.0 = Debug|Any CPU
		{2FBFE84C-2A1F-4278-AAC2-8C838F0D16B8}.Debug|x64.ActiveCfg = Debug|Any CPU
		{2FBFE84C-2A1F-4278-AAC2-8C838F0D16B8}.Debug|x64.Build.0 = Debug|Any CPU
		{2FBFE84C-2A1F-4278-AAC2-8C838F0D16B8}.Debug|x86.ActiveCfg = Debug|Any CPU
		{2FBFE84C-2A1F-4278-AAC2-8C838F0D16B8}.Debug|x86.Build.0 = Debug|Any CPU
		{2FBFE84C-2A1F-4278-AAC2-8C838F0D16B8}.Release|Any CPU.ActiveCfg = Release|Any CPU
		{2FBFE84C-2A1F-4278-AAC2-8C838F0D16B8}.Release|Any CPU.Build.0 = Release|Any CPU
		{2FBFE84C-2A1F-4278-AAC2-8C838F0D16B8}.Release|x64.ActiveCfg = Release|Any CPU
		{2FBFE84C-2A1F-4278-AAC2-8C838F0D16B8}.Release|x64.Build.0 = Release|Any CPU
		{2FBFE84C-2A1F-4278-AAC2-8C838F0D16B8}.Release|x86.ActiveCfg = Release|Any CPU
		{2FBFE84C-2A1F-4278-AAC2-8C838F0D16B8}.Release|x86.Build.0 = Release|Any CPU
		{0D010393-DDEE-41E4-B651-FEA96E39DB4E}.Debug|Any CPU.ActiveCfg = Debug|Any CPU
		{0D010393-DDEE-41E4-B651-FEA96E39DB4E}.Debug|Any CPU.Build.0 = Debug|Any CPU
		{0D010393-DDEE-41E4-B651-FEA96E39DB4E}.Debug|x64.ActiveCfg = Debug|Any CPU
		{0D010393-DDEE-41E4-B651-FEA96E39DB4E}.Debug|x64.Build.0 = Debug|Any CPU
		{0D010393-DDEE-41E4-B651-FEA96E39DB4E}.Debug|x86.ActiveCfg = Debug|Any CPU
		{0D010393-DDEE-41E4-B651-FEA96E39DB4E}.Debug|x86.Build.0 = Debug|Any CPU
		{0D010393-DDEE-41E4-B651-FEA96E39DB4E}.Release|Any CPU.ActiveCfg = Release|Any CPU
		{0D010393-DDEE-41E4-B651-FEA96E39DB4E}.Release|Any CPU.Build.0 = Release|Any CPU
		{0D010393-DDEE-41E4-B651-FEA96E39DB4E}.Release|x64.ActiveCfg = Release|Any CPU
		{0D010393-DDEE-41E4-B651-FEA96E39DB4E}.Release|x64.Build.0 = Release|Any CPU
		{0D010393-DDEE-41E4-B651-FEA96E39DB4E}.Release|x86.ActiveCfg = Release|Any CPU
		{0D010393-DDEE-41E4-B651-FEA96E39DB4E}.Release|x86.Build.0 = Release|Any CPU
		{A6B3C094-6D76-424E-BD98-B41DF7A79668}.Debug|Any CPU.ActiveCfg = Debug|Any CPU
		{A6B3C094-6D76-424E-BD98-B41DF7A79668}.Debug|Any CPU.Build.0 = Debug|Any CPU
		{A6B3C094-6D76-424E-BD98-B41DF7A79668}.Debug|x64.ActiveCfg = Debug|Any CPU
		{A6B3C094-6D76-424E-BD98-B41DF7A79668}.Debug|x64.Build.0 = Debug|Any CPU
		{A6B3C094-6D76-424E-BD98-B41DF7A79668}.Debug|x86.ActiveCfg = Debug|Any CPU
		{A6B3C094-6D76-424E-BD98-B41DF7A79668}.Debug|x86.Build.0 = Debug|Any CPU
		{A6B3C094-6D76-424E-BD98-B41DF7A79668}.Release|Any CPU.ActiveCfg = Release|Any CPU
		{A6B3C094-6D76-424E-BD98-B41DF7A79668}.Release|Any CPU.Build.0 = Release|Any CPU
		{A6B3C094-6D76-424E-BD98-B41DF7A79668}.Release|x64.ActiveCfg = Release|Any CPU
		{A6B3C094-6D76-424E-BD98-B41DF7A79668}.Release|x64.Build.0 = Release|Any CPU
		{A6B3C094-6D76-424E-BD98-B41DF7A79668}.Release|x86.ActiveCfg = Release|Any CPU
		{A6B3C094-6D76-424E-BD98-B41DF7A79668}.Release|x86.Build.0 = Release|Any CPU
		{8ECB2951-32CC-4CDC-93B5-5EA1068EF460}.Debug|Any CPU.ActiveCfg = Debug|Any CPU
		{8ECB2951-32CC-4CDC-93B5-5EA1068EF460}.Debug|Any CPU.Build.0 = Debug|Any CPU
		{8ECB2951-32CC-4CDC-93B5-5EA1068EF460}.Debug|x64.ActiveCfg = Debug|Any CPU
		{8ECB2951-32CC-4CDC-93B5-5EA1068EF460}.Debug|x64.Build.0 = Debug|Any CPU
		{8ECB2951-32CC-4CDC-93B5-5EA1068EF460}.Debug|x86.ActiveCfg = Debug|Any CPU
		{8ECB2951-32CC-4CDC-93B5-5EA1068EF460}.Debug|x86.Build.0 = Debug|Any CPU
		{8ECB2951-32CC-4CDC-93B5-5EA1068EF460}.Release|Any CPU.ActiveCfg = Release|Any CPU
		{8ECB2951-32CC-4CDC-93B5-5EA1068EF460}.Release|Any CPU.Build.0 = Release|Any CPU
		{8ECB2951-32CC-4CDC-93B5-5EA1068EF460}.Release|x64.ActiveCfg = Release|Any CPU
		{8ECB2951-32CC-4CDC-93B5-5EA1068EF460}.Release|x64.Build.0 = Release|Any CPU
		{8ECB2951-32CC-4CDC-93B5-5EA1068EF460}.Release|x86.ActiveCfg = Release|Any CPU
		{8ECB2951-32CC-4CDC-93B5-5EA1068EF460}.Release|x86.Build.0 = Release|Any CPU
		{D62F29AA-A742-4DCD-B7C2-861987D1B2E1}.Debug|Any CPU.ActiveCfg = Debug|Any CPU
		{D62F29AA-A742-4DCD-B7C2-861987D1B2E1}.Debug|Any CPU.Build.0 = Debug|Any CPU
		{D62F29AA-A742-4DCD-B7C2-861987D1B2E1}.Debug|x64.ActiveCfg = Debug|Any CPU
		{D62F29AA-A742-4DCD-B7C2-861987D1B2E1}.Debug|x64.Build.0 = Debug|Any CPU
		{D62F29AA-A742-4DCD-B7C2-861987D1B2E1}.Debug|x86.ActiveCfg = Debug|Any CPU
		{D62F29AA-A742-4DCD-B7C2-861987D1B2E1}.Debug|x86.Build.0 = Debug|Any CPU
		{D62F29AA-A742-4DCD-B7C2-861987D1B2E1}.Release|Any CPU.ActiveCfg = Release|Any CPU
		{D62F29AA-A742-4DCD-B7C2-861987D1B2E1}.Release|Any CPU.Build.0 = Release|Any CPU
		{D62F29AA-A742-4DCD-B7C2-861987D1B2E1}.Release|x64.ActiveCfg = Release|Any CPU
		{D62F29AA-A742-4DCD-B7C2-861987D1B2E1}.Release|x64.Build.0 = Release|Any CPU
		{D62F29AA-A742-4DCD-B7C2-861987D1B2E1}.Release|x86.ActiveCfg = Release|Any CPU
		{D62F29AA-A742-4DCD-B7C2-861987D1B2E1}.Release|x86.Build.0 = Release|Any CPU
	EndGlobalSection
	GlobalSection(SolutionProperties) = preSolution
		HideSolutionNode = FALSE
	EndGlobalSection
	GlobalSection(NestedProjects) = preSolution
		{B162EF79-76CA-4062-A804-D64977E4046D} = {2E6E02F8-DD33-4D3B-8884-4E14185B108B}
		{25FD28C1-F7C4-4E9C-B1E6-D08971A1F209} = {2E6E02F8-DD33-4D3B-8884-4E14185B108B}
		{996D0C29-E1F3-4C5D-8AB7-8425394ED455} = {25FD28C1-F7C4-4E9C-B1E6-D08971A1F209}
		{68761829-1B90-42E4-B8D0-90F060AA055D} = {25FD28C1-F7C4-4E9C-B1E6-D08971A1F209}
		{63DE329D-57DC-45A5-8D5E-FC01F0A7218B} = {25FD28C1-F7C4-4E9C-B1E6-D08971A1F209}
		{F82593BF-EE93-43ED-9B74-BA4E3CAAEB0D} = {25FD28C1-F7C4-4E9C-B1E6-D08971A1F209}
		{E8B7616F-474F-4018-B332-7F96C066D1AB} = {996D0C29-E1F3-4C5D-8AB7-8425394ED455}
		{00AA4BE5-A730-43AD-A3FE-656A540D1F79} = {996D0C29-E1F3-4C5D-8AB7-8425394ED455}
		{FCAB616F-3F3A-48B1-88E1-0F8E701A4487} = {996D0C29-E1F3-4C5D-8AB7-8425394ED455}
		{95F1DB87-2D2C-4CB5-9E28-C198C8152786} = {996D0C29-E1F3-4C5D-8AB7-8425394ED455}
		{58F61029-5EE6-442C-ADC9-91B50A1EE2C2} = {996D0C29-E1F3-4C5D-8AB7-8425394ED455}
		{B9B98F5A-E73D-46F7-90CC-D61E87FE3B6D} = {E8B7616F-474F-4018-B332-7F96C066D1AB}
		{76FDF0F3-9362-4E41-99AD-02BD7319BE4F} = {00AA4BE5-A730-43AD-A3FE-656A540D1F79}
		{2FBFE84C-2A1F-4278-AAC2-8C838F0D16B8} = {FCAB616F-3F3A-48B1-88E1-0F8E701A4487}
		{0D010393-DDEE-41E4-B651-FEA96E39DB4E} = {95F1DB87-2D2C-4CB5-9E28-C198C8152786}
		{A6B3C094-6D76-424E-BD98-B41DF7A79668} = {95F1DB87-2D2C-4CB5-9E28-C198C8152786}
		{8ECB2951-32CC-4CDC-93B5-5EA1068EF460} = {58F61029-5EE6-442C-ADC9-91B50A1EE2C2}
		{D62F29AA-A742-4DCD-B7C2-861987D1B2E1} = {FCAB616F-3F3A-48B1-88E1-0F8E701A4487}
	EndGlobalSection
	GlobalSection(ExtensibilityGlobals) = postSolution
		SolutionGuid = {678D089D-3035-465F-9A6D-051D18F409D0}
	EndGlobalSection
EndGlobal
