
Microsoft Visual Studio Solution File, Format Version 12.00
# Visual Studio Version 16
VisualStudioVersion = 16.0.30804.86
MinimumVisualStudioVersion = 15.0.26124.0
Project("{2150E333-8FDC-42A3-9474-1A3956D46DE8}") = "src", "src", "{2E6E02F8-DD33-4D3B-8884-4E14185B108B}"
EndProject
Project("{2150E333-8FDC-42A3-9474-1A3956D46DE8}") = "ApiGateway", "ApiGateway", "{B162EF79-76CA-4062-A804-D64977E4046D}"
EndProject
Project("{2150E333-8FDC-42A3-9474-1A3956D46DE8}") = "Services", "Services", "{25FD28C1-F7C4-4E9C-B1E6-D08971A1F209}"
EndProject
Project("{2150E333-8FDC-42A3-9474-1A3956D46DE8}") = "Identity", "Identity", "{996D0C29-E1F3-4C5D-8AB7-8425394ED455}"
EndProject
Project("{2150E333-8FDC-42A3-9474-1A3956D46DE8}") = "Catalog", "Catalog", "{68761829-1B90-42E4-B8D0-90F060AA055D}"
EndProject
Project("{2150E333-8FDC-42A3-9474-1A3956D46DE8}") = "Store", "Store", "{63DE329D-57DC-45A5-8D5E-FC01F0A7218B}"
EndProject
Project("{2150E333-8FDC-42A3-9474-1A3956D46DE8}") = "Payment", "Payment", "{F82593BF-EE93-43ED-9B74-BA4E3CAAEB0D}"
EndProject
Project("{2150E333-8FDC-42A3-9474-1A3956D46DE8}") = "01-API", "01-API", "{E8B7616F-474F-4018-B332-7F96C066D1AB}"
EndProject
Project("{2150E333-8FDC-42A3-9474-1A3956D46DE8}") = "02-Application", "02-Application", "{00AA4BE5-A730-43AD-A3FE-656A540D1F79}"
EndProject
Project("{2150E333-8FDC-42A3-9474-1A3956D46DE8}") = "03-Domain", "03-Domain", "{FCAB616F-3F3A-48B1-88E1-0F8E701A4487}"
EndProject
Project("{2150E333-8FDC-42A3-9474-1A3956D46DE8}") = "04-Infrastructure", "04-Infrastructure", "{95F1DB87-2D2C-4CB5-9E28-C198C8152786}"
EndProject
Project("{2150E333-8FDC-42A3-9474-1A3956D46DE8}") = "05-ExternalServices", "05-ExternalServices", "{58F61029-5EE6-442C-ADC9-91B50A1EE2C2}"
EndProject
Project("{9A19103F-16F7-4668-BE54-9A1E7A4F7556}") = "IdentityServer.API", "IdentityServer.API\IdentityServer.API.csproj", "{B9B98F5A-E73D-46F7-90CC-D61E87FE3B6D}"
EndProject
Project("{9A19103F-16F7-4668-BE54-9A1E7A4F7556}") = "IdentityServer.Application", "IdentityServer.Application\IdentityServer.Application.csproj", "{76FDF0F3-9362-4E41-99AD-02BD7319BE4F}"
EndProject
Project("{9A19103F-16F7-4668-BE54-9A1E7A4F7556}") = "IdentityServer.Domain", "IdentityServer.Domain\IdentityServer.Domain.csproj", "{2FBFE84C-2A1F-4278-AAC2-8C838F0D16B8}"
EndProject
Project("{9A19103F-16F7-4668-BE54-9A1E7A4F7556}") = "IdentityServer.CrossCutting", "IdentityServer.CrossCutting\IdentityServer.CrossCutting.csproj", "{0D010393-DDEE-41E4-B651-FEA96E39DB4E}"
EndProject
Project("{9A19103F-16F7-4668-BE54-9A1E7A4F7556}") = "IdentityServer.Data", "IdentityServer.Data\IdentityServer.Data.csproj", "{A6B3C094-6D76-424E-BD98-B41DF7A79668}"
EndProject
Project("{9A19103F-16F7-4668-BE54-9A1E7A4F7556}") = "IdentityServer.ExternalServices", "IdentityServer.ExternalServices\IdentityServer.ExternalServices.csproj", "{8ECB2951-32CC-4CDC-93B5-5EA1068EF460}"
EndProject
Project("{9A19103F-16F7-4668-BE54-9A1E7A4F7556}") = "IdentityServer.Domain.SharedKernel", "IdentityServer.Domain.SharedKernel\IdentityServer.Domain.SharedKernel.csproj", "{D62F29AA-A742-4DCD-B7C2-861987D1B2E1}"
EndProject
Project("{2150E333-8FDC-42A3-9474-1A3956D46DE8}") = "Tests", "Tests", "{04F06BE3-87A4-42E7-B9A7-03F3D46E1026}"
EndProject
Project("{9A19103F-16F7-4668-BE54-9A1E7A4F7556}") = "IdentityServer.Domain.Tests", "IdentityServer.Domain.Tests\IdentityServer.Domain.Tests.csproj", "{9F926C16-3B6B-495B-980D-A9D688C4E449}"
EndProject
Project("{2150E333-8FDC-42A3-9474-1A3956D46DE8}") = "Tests", "Tests", "{FFEBB5A1-9B8C-4797-8132-10D5846B6D34}"
EndProject
Project("{9A19103F-16F7-4668-BE54-9A1E7A4F7556}") = "IdentityServer.Application.Tests", "IdentityServer.Application.Tests\IdentityServer.Application.Tests.csproj", "{7BB6A92C-1E65-40E3-94B7-8BFB0985F1C8}"
EndProject
Project("{2150E333-8FDC-42A3-9474-1A3956D46DE8}") = "00-Messaging", "00-Messaging", "{786F9276-7229-4717-B7A4-2A6B2F93E10D}"
EndProject
Project("{9A19103F-16F7-4668-BE54-9A1E7A4F7556}") = "IdentityServer.Messaging", "IdentityServer.Messaging\IdentityServer.Messaging.csproj", "{6DC2DD94-1015-4884-9689-E93CE3587D10}"
EndProject
Project("{E53339B2-1760-4266-BCC7-CA923CBCF16C}") = "docker-compose", "docker-compose.dcproj", "{2A33685B-E025-4B24-A790-20D89B980A96}"
EndProject
Project("{2150E333-8FDC-42A3-9474-1A3956D46DE8}") = "01-API", "01-API", "{75D5C6D6-B549-4E9B-9232-E585271DB7C5}"
EndProject
Project("{2150E333-8FDC-42A3-9474-1A3956D46DE8}") = "02-Application", "02-Application", "{D50119D0-2433-44CF-81EF-62236780BF00}"
EndProject
Project("{2150E333-8FDC-42A3-9474-1A3956D46DE8}") = "03-Domain", "03-Domain", "{EAC765FF-2C50-4AC9-9521-2770CCF0B877}"
EndProject
Project("{2150E333-8FDC-42A3-9474-1A3956D46DE8}") = "04-Infrastructure", "04-Infrastructure", "{BE88458E-AA6D-4776-9B5A-57A8D40F4AD0}"
EndProject
Project("{9A19103F-16F7-4668-BE54-9A1E7A4F7556}") = "Catalog.Api", "Catalog.Api\Catalog.Api.csproj", "{8C9A5157-16C3-48B6-BD05-FEC030425577}"
EndProject
Project("{9A19103F-16F7-4668-BE54-9A1E7A4F7556}") = "Catalog.Application", "Catalog.Application\Catalog.Application.csproj", "{CC72A380-1BD5-4D65-A424-6FFB335DBC86}"
EndProject
Project("{9A19103F-16F7-4668-BE54-9A1E7A4F7556}") = "Catalog.Domain", "Catalog.Domain\Catalog.Domain.csproj", "{69B7574B-4B5A-4FF1-B05E-5C6727703C11}"
EndProject
Project("{9A19103F-16F7-4668-BE54-9A1E7A4F7556}") = "Catalog.Infrastructure", "Catalog.Infrastructure\Catalog.Infrastructure.csproj", "{1699A7A8-41BA-4434-AEC8-8D6F661EE97A}"
EndProject
Project("{2150E333-8FDC-42A3-9474-1A3956D46DE8}") = "05-Common", "05-Common", "{F438D069-43A3-4D6E-BF48-D6E042651FA8}"
EndProject
Project("{9A19103F-16F7-4668-BE54-9A1E7A4F7556}") = "Catalog.Common", "Catalog.Common\Catalog.Common.csproj", "{C58D90D3-9F1E-4EA0-AA07-882A73D3808C}"
EndProject
Project("{2150E333-8FDC-42A3-9474-1A3956D46DE8}") = "Tests", "Tests", "{AC0D620E-E702-47E3-9EB5-04E35A3E2C11}"
EndProject
Project("{9A19103F-16F7-4668-BE54-9A1E7A4F7556}") = "Catalog.Domain.Tests", "Catalog.Domain.Tests\Catalog.Domain.Tests.csproj", "{2C9791F0-6AB9-4241-99D1-92F1477C95F6}"
EndProject
Project("{FAE04EC0-301F-11D3-BF4B-00C04F79EFBC}") = "Catalog.CrossCutting", "Catalog.CrossCutting\Catalog.CrossCutting.csproj", "{1C0F7FA9-30A7-4393-BC2E-53A53B7F292E}"
EndProject
Project("{2150E333-8FDC-42A3-9474-1A3956D46DE8}") = "00-Messaging", "00-Messaging", "{3C3F1487-03F0-4B10-A523-B982019487E4}"
EndProject
Project("{FAE04EC0-301F-11D3-BF4B-00C04F79EFBC}") = "Catalog.Messages", "Catalog.Messages\Catalog.Messages.csproj", "{FA96288C-72DF-4EEE-82AA-14E0608FC526}"
EndProject
Project("{2150E333-8FDC-42A3-9474-1A3956D46DE8}") = "Tests", "Tests", "{205A98BF-8EFC-49FD-AA9C-D2D7AF3F5F5D}"
EndProject
Project("{FAE04EC0-301F-11D3-BF4B-00C04F79EFBC}") = "Catalog.Application.Tests", "Catalog.Application.Tests\Catalog.Application.Tests.csproj", "{F6625E7D-E305-4548-B643-ED8066F13664}"
EndProject
Global
	GlobalSection(SolutionConfigurationPlatforms) = preSolution
		Debug|Any CPU = Debug|Any CPU
		Debug|x64 = Debug|x64
		Debug|x86 = Debug|x86
		Release|Any CPU = Release|Any CPU
		Release|x64 = Release|x64
		Release|x86 = Release|x86
	EndGlobalSection
	GlobalSection(ProjectConfigurationPlatforms) = postSolution
		{B9B98F5A-E73D-46F7-90CC-D61E87FE3B6D}.Debug|Any CPU.ActiveCfg = Debug|Any CPU
		{B9B98F5A-E73D-46F7-90CC-D61E87FE3B6D}.Debug|Any CPU.Build.0 = Debug|Any CPU
		{B9B98F5A-E73D-46F7-90CC-D61E87FE3B6D}.Debug|x64.ActiveCfg = Debug|Any CPU
		{B9B98F5A-E73D-46F7-90CC-D61E87FE3B6D}.Debug|x64.Build.0 = Debug|Any CPU
		{B9B98F5A-E73D-46F7-90CC-D61E87FE3B6D}.Debug|x86.ActiveCfg = Debug|Any CPU
		{B9B98F5A-E73D-46F7-90CC-D61E87FE3B6D}.Debug|x86.Build.0 = Debug|Any CPU
		{B9B98F5A-E73D-46F7-90CC-D61E87FE3B6D}.Release|Any CPU.ActiveCfg = Release|Any CPU
		{B9B98F5A-E73D-46F7-90CC-D61E87FE3B6D}.Release|Any CPU.Build.0 = Release|Any CPU
		{B9B98F5A-E73D-46F7-90CC-D61E87FE3B6D}.Release|x64.ActiveCfg = Release|Any CPU
		{B9B98F5A-E73D-46F7-90CC-D61E87FE3B6D}.Release|x64.Build.0 = Release|Any CPU
		{B9B98F5A-E73D-46F7-90CC-D61E87FE3B6D}.Release|x86.ActiveCfg = Release|Any CPU
		{B9B98F5A-E73D-46F7-90CC-D61E87FE3B6D}.Release|x86.Build.0 = Release|Any CPU
		{76FDF0F3-9362-4E41-99AD-02BD7319BE4F}.Debug|Any CPU.ActiveCfg = Debug|Any CPU
		{76FDF0F3-9362-4E41-99AD-02BD7319BE4F}.Debug|Any CPU.Build.0 = Debug|Any CPU
		{76FDF0F3-9362-4E41-99AD-02BD7319BE4F}.Debug|x64.ActiveCfg = Debug|Any CPU
		{76FDF0F3-9362-4E41-99AD-02BD7319BE4F}.Debug|x64.Build.0 = Debug|Any CPU
		{76FDF0F3-9362-4E41-99AD-02BD7319BE4F}.Debug|x86.ActiveCfg = Debug|Any CPU
		{76FDF0F3-9362-4E41-99AD-02BD7319BE4F}.Debug|x86.Build.0 = Debug|Any CPU
		{76FDF0F3-9362-4E41-99AD-02BD7319BE4F}.Release|Any CPU.ActiveCfg = Release|Any CPU
		{76FDF0F3-9362-4E41-99AD-02BD7319BE4F}.Release|Any CPU.Build.0 = Release|Any CPU
		{76FDF0F3-9362-4E41-99AD-02BD7319BE4F}.Release|x64.ActiveCfg = Release|Any CPU
		{76FDF0F3-9362-4E41-99AD-02BD7319BE4F}.Release|x64.Build.0 = Release|Any CPU
		{76FDF0F3-9362-4E41-99AD-02BD7319BE4F}.Release|x86.ActiveCfg = Release|Any CPU
		{76FDF0F3-9362-4E41-99AD-02BD7319BE4F}.Release|x86.Build.0 = Release|Any CPU
		{2FBFE84C-2A1F-4278-AAC2-8C838F0D16B8}.Debug|Any CPU.ActiveCfg = Debug|Any CPU
		{2FBFE84C-2A1F-4278-AAC2-8C838F0D16B8}.Debug|Any CPU.Build.0 = Debug|Any CPU
		{2FBFE84C-2A1F-4278-AAC2-8C838F0D16B8}.Debug|x64.ActiveCfg = Debug|Any CPU
		{2FBFE84C-2A1F-4278-AAC2-8C838F0D16B8}.Debug|x64.Build.0 = Debug|Any CPU
		{2FBFE84C-2A1F-4278-AAC2-8C838F0D16B8}.Debug|x86.ActiveCfg = Debug|Any CPU
		{2FBFE84C-2A1F-4278-AAC2-8C838F0D16B8}.Debug|x86.Build.0 = Debug|Any CPU
		{2FBFE84C-2A1F-4278-AAC2-8C838F0D16B8}.Release|Any CPU.ActiveCfg = Release|Any CPU
		{2FBFE84C-2A1F-4278-AAC2-8C838F0D16B8}.Release|Any CPU.Build.0 = Release|Any CPU
		{2FBFE84C-2A1F-4278-AAC2-8C838F0D16B8}.Release|x64.ActiveCfg = Release|Any CPU
		{2FBFE84C-2A1F-4278-AAC2-8C838F0D16B8}.Release|x64.Build.0 = Release|Any CPU
		{2FBFE84C-2A1F-4278-AAC2-8C838F0D16B8}.Release|x86.ActiveCfg = Release|Any CPU
		{2FBFE84C-2A1F-4278-AAC2-8C838F0D16B8}.Release|x86.Build.0 = Release|Any CPU
		{0D010393-DDEE-41E4-B651-FEA96E39DB4E}.Debug|Any CPU.ActiveCfg = Debug|Any CPU
		{0D010393-DDEE-41E4-B651-FEA96E39DB4E}.Debug|Any CPU.Build.0 = Debug|Any CPU
		{0D010393-DDEE-41E4-B651-FEA96E39DB4E}.Debug|x64.ActiveCfg = Debug|Any CPU
		{0D010393-DDEE-41E4-B651-FEA96E39DB4E}.Debug|x64.Build.0 = Debug|Any CPU
		{0D010393-DDEE-41E4-B651-FEA96E39DB4E}.Debug|x86.ActiveCfg = Debug|Any CPU
		{0D010393-DDEE-41E4-B651-FEA96E39DB4E}.Debug|x86.Build.0 = Debug|Any CPU
		{0D010393-DDEE-41E4-B651-FEA96E39DB4E}.Release|Any CPU.ActiveCfg = Release|Any CPU
		{0D010393-DDEE-41E4-B651-FEA96E39DB4E}.Release|Any CPU.Build.0 = Release|Any CPU
		{0D010393-DDEE-41E4-B651-FEA96E39DB4E}.Release|x64.ActiveCfg = Release|Any CPU
		{0D010393-DDEE-41E4-B651-FEA96E39DB4E}.Release|x64.Build.0 = Release|Any CPU
		{0D010393-DDEE-41E4-B651-FEA96E39DB4E}.Release|x86.ActiveCfg = Release|Any CPU
		{0D010393-DDEE-41E4-B651-FEA96E39DB4E}.Release|x86.Build.0 = Release|Any CPU
		{A6B3C094-6D76-424E-BD98-B41DF7A79668}.Debug|Any CPU.ActiveCfg = Debug|Any CPU
		{A6B3C094-6D76-424E-BD98-B41DF7A79668}.Debug|Any CPU.Build.0 = Debug|Any CPU
		{A6B3C094-6D76-424E-BD98-B41DF7A79668}.Debug|x64.ActiveCfg = Debug|Any CPU
		{A6B3C094-6D76-424E-BD98-B41DF7A79668}.Debug|x64.Build.0 = Debug|Any CPU
		{A6B3C094-6D76-424E-BD98-B41DF7A79668}.Debug|x86.ActiveCfg = Debug|Any CPU
		{A6B3C094-6D76-424E-BD98-B41DF7A79668}.Debug|x86.Build.0 = Debug|Any CPU
		{A6B3C094-6D76-424E-BD98-B41DF7A79668}.Release|Any CPU.ActiveCfg = Release|Any CPU
		{A6B3C094-6D76-424E-BD98-B41DF7A79668}.Release|Any CPU.Build.0 = Release|Any CPU
		{A6B3C094-6D76-424E-BD98-B41DF7A79668}.Release|x64.ActiveCfg = Release|Any CPU
		{A6B3C094-6D76-424E-BD98-B41DF7A79668}.Release|x64.Build.0 = Release|Any CPU
		{A6B3C094-6D76-424E-BD98-B41DF7A79668}.Release|x86.ActiveCfg = Release|Any CPU
		{A6B3C094-6D76-424E-BD98-B41DF7A79668}.Release|x86.Build.0 = Release|Any CPU
		{8ECB2951-32CC-4CDC-93B5-5EA1068EF460}.Debug|Any CPU.ActiveCfg = Debug|Any CPU
		{8ECB2951-32CC-4CDC-93B5-5EA1068EF460}.Debug|Any CPU.Build.0 = Debug|Any CPU
		{8ECB2951-32CC-4CDC-93B5-5EA1068EF460}.Debug|x64.ActiveCfg = Debug|Any CPU
		{8ECB2951-32CC-4CDC-93B5-5EA1068EF460}.Debug|x64.Build.0 = Debug|Any CPU
		{8ECB2951-32CC-4CDC-93B5-5EA1068EF460}.Debug|x86.ActiveCfg = Debug|Any CPU
		{8ECB2951-32CC-4CDC-93B5-5EA1068EF460}.Debug|x86.Build.0 = Debug|Any CPU
		{8ECB2951-32CC-4CDC-93B5-5EA1068EF460}.Release|Any CPU.ActiveCfg = Release|Any CPU
		{8ECB2951-32CC-4CDC-93B5-5EA1068EF460}.Release|Any CPU.Build.0 = Release|Any CPU
		{8ECB2951-32CC-4CDC-93B5-5EA1068EF460}.Release|x64.ActiveCfg = Release|Any CPU
		{8ECB2951-32CC-4CDC-93B5-5EA1068EF460}.Release|x64.Build.0 = Release|Any CPU
		{8ECB2951-32CC-4CDC-93B5-5EA1068EF460}.Release|x86.ActiveCfg = Release|Any CPU
		{8ECB2951-32CC-4CDC-93B5-5EA1068EF460}.Release|x86.Build.0 = Release|Any CPU
		{D62F29AA-A742-4DCD-B7C2-861987D1B2E1}.Debug|Any CPU.ActiveCfg = Debug|Any CPU
		{D62F29AA-A742-4DCD-B7C2-861987D1B2E1}.Debug|Any CPU.Build.0 = Debug|Any CPU
		{D62F29AA-A742-4DCD-B7C2-861987D1B2E1}.Debug|x64.ActiveCfg = Debug|Any CPU
		{D62F29AA-A742-4DCD-B7C2-861987D1B2E1}.Debug|x64.Build.0 = Debug|Any CPU
		{D62F29AA-A742-4DCD-B7C2-861987D1B2E1}.Debug|x86.ActiveCfg = Debug|Any CPU
		{D62F29AA-A742-4DCD-B7C2-861987D1B2E1}.Debug|x86.Build.0 = Debug|Any CPU
		{D62F29AA-A742-4DCD-B7C2-861987D1B2E1}.Release|Any CPU.ActiveCfg = Release|Any CPU
		{D62F29AA-A742-4DCD-B7C2-861987D1B2E1}.Release|Any CPU.Build.0 = Release|Any CPU
		{D62F29AA-A742-4DCD-B7C2-861987D1B2E1}.Release|x64.ActiveCfg = Release|Any CPU
		{D62F29AA-A742-4DCD-B7C2-861987D1B2E1}.Release|x64.Build.0 = Release|Any CPU
		{D62F29AA-A742-4DCD-B7C2-861987D1B2E1}.Release|x86.ActiveCfg = Release|Any CPU
		{D62F29AA-A742-4DCD-B7C2-861987D1B2E1}.Release|x86.Build.0 = Release|Any CPU
		{9F926C16-3B6B-495B-980D-A9D688C4E449}.Debug|Any CPU.ActiveCfg = Debug|Any CPU
		{9F926C16-3B6B-495B-980D-A9D688C4E449}.Debug|Any CPU.Build.0 = Debug|Any CPU
		{9F926C16-3B6B-495B-980D-A9D688C4E449}.Debug|x64.ActiveCfg = Debug|Any CPU
		{9F926C16-3B6B-495B-980D-A9D688C4E449}.Debug|x64.Build.0 = Debug|Any CPU
		{9F926C16-3B6B-495B-980D-A9D688C4E449}.Debug|x86.ActiveCfg = Debug|Any CPU
		{9F926C16-3B6B-495B-980D-A9D688C4E449}.Debug|x86.Build.0 = Debug|Any CPU
		{9F926C16-3B6B-495B-980D-A9D688C4E449}.Release|Any CPU.ActiveCfg = Release|Any CPU
		{9F926C16-3B6B-495B-980D-A9D688C4E449}.Release|Any CPU.Build.0 = Release|Any CPU
		{9F926C16-3B6B-495B-980D-A9D688C4E449}.Release|x64.ActiveCfg = Release|Any CPU
		{9F926C16-3B6B-495B-980D-A9D688C4E449}.Release|x64.Build.0 = Release|Any CPU
		{9F926C16-3B6B-495B-980D-A9D688C4E449}.Release|x86.ActiveCfg = Release|Any CPU
		{9F926C16-3B6B-495B-980D-A9D688C4E449}.Release|x86.Build.0 = Release|Any CPU
		{7BB6A92C-1E65-40E3-94B7-8BFB0985F1C8}.Debug|Any CPU.ActiveCfg = Debug|Any CPU
		{7BB6A92C-1E65-40E3-94B7-8BFB0985F1C8}.Debug|Any CPU.Build.0 = Debug|Any CPU
		{7BB6A92C-1E65-40E3-94B7-8BFB0985F1C8}.Debug|x64.ActiveCfg = Debug|Any CPU
		{7BB6A92C-1E65-40E3-94B7-8BFB0985F1C8}.Debug|x64.Build.0 = Debug|Any CPU
		{7BB6A92C-1E65-40E3-94B7-8BFB0985F1C8}.Debug|x86.ActiveCfg = Debug|Any CPU
		{7BB6A92C-1E65-40E3-94B7-8BFB0985F1C8}.Debug|x86.Build.0 = Debug|Any CPU
		{7BB6A92C-1E65-40E3-94B7-8BFB0985F1C8}.Release|Any CPU.ActiveCfg = Release|Any CPU
		{7BB6A92C-1E65-40E3-94B7-8BFB0985F1C8}.Release|Any CPU.Build.0 = Release|Any CPU
		{7BB6A92C-1E65-40E3-94B7-8BFB0985F1C8}.Release|x64.ActiveCfg = Release|Any CPU
		{7BB6A92C-1E65-40E3-94B7-8BFB0985F1C8}.Release|x64.Build.0 = Release|Any CPU
		{7BB6A92C-1E65-40E3-94B7-8BFB0985F1C8}.Release|x86.ActiveCfg = Release|Any CPU
		{7BB6A92C-1E65-40E3-94B7-8BFB0985F1C8}.Release|x86.Build.0 = Release|Any CPU
		{6DC2DD94-1015-4884-9689-E93CE3587D10}.Debug|Any CPU.ActiveCfg = Debug|Any CPU
		{6DC2DD94-1015-4884-9689-E93CE3587D10}.Debug|Any CPU.Build.0 = Debug|Any CPU
		{6DC2DD94-1015-4884-9689-E93CE3587D10}.Debug|x64.ActiveCfg = Debug|Any CPU
		{6DC2DD94-1015-4884-9689-E93CE3587D10}.Debug|x64.Build.0 = Debug|Any CPU
		{6DC2DD94-1015-4884-9689-E93CE3587D10}.Debug|x86.ActiveCfg = Debug|Any CPU
		{6DC2DD94-1015-4884-9689-E93CE3587D10}.Debug|x86.Build.0 = Debug|Any CPU
		{6DC2DD94-1015-4884-9689-E93CE3587D10}.Release|Any CPU.ActiveCfg = Release|Any CPU
		{6DC2DD94-1015-4884-9689-E93CE3587D10}.Release|Any CPU.Build.0 = Release|Any CPU
		{6DC2DD94-1015-4884-9689-E93CE3587D10}.Release|x64.ActiveCfg = Release|Any CPU
		{6DC2DD94-1015-4884-9689-E93CE3587D10}.Release|x64.Build.0 = Release|Any CPU
		{6DC2DD94-1015-4884-9689-E93CE3587D10}.Release|x86.ActiveCfg = Release|Any CPU
		{6DC2DD94-1015-4884-9689-E93CE3587D10}.Release|x86.Build.0 = Release|Any CPU
		{2A33685B-E025-4B24-A790-20D89B980A96}.Debug|Any CPU.ActiveCfg = Debug|Any CPU
		{2A33685B-E025-4B24-A790-20D89B980A96}.Debug|Any CPU.Build.0 = Debug|Any CPU
		{2A33685B-E025-4B24-A790-20D89B980A96}.Debug|x64.ActiveCfg = Debug|Any CPU
		{2A33685B-E025-4B24-A790-20D89B980A96}.Debug|x64.Build.0 = Debug|Any CPU
		{2A33685B-E025-4B24-A790-20D89B980A96}.Debug|x86.ActiveCfg = Debug|Any CPU
		{2A33685B-E025-4B24-A790-20D89B980A96}.Debug|x86.Build.0 = Debug|Any CPU
		{2A33685B-E025-4B24-A790-20D89B980A96}.Release|Any CPU.ActiveCfg = Release|Any CPU
		{2A33685B-E025-4B24-A790-20D89B980A96}.Release|Any CPU.Build.0 = Release|Any CPU
		{2A33685B-E025-4B24-A790-20D89B980A96}.Release|x64.ActiveCfg = Release|Any CPU
		{2A33685B-E025-4B24-A790-20D89B980A96}.Release|x64.Build.0 = Release|Any CPU
		{2A33685B-E025-4B24-A790-20D89B980A96}.Release|x86.ActiveCfg = Release|Any CPU
		{2A33685B-E025-4B24-A790-20D89B980A96}.Release|x86.Build.0 = Release|Any CPU
		{8C9A5157-16C3-48B6-BD05-FEC030425577}.Debug|Any CPU.ActiveCfg = Debug|Any CPU
		{8C9A5157-16C3-48B6-BD05-FEC030425577}.Debug|Any CPU.Build.0 = Debug|Any CPU
		{8C9A5157-16C3-48B6-BD05-FEC030425577}.Debug|x64.ActiveCfg = Debug|Any CPU
		{8C9A5157-16C3-48B6-BD05-FEC030425577}.Debug|x64.Build.0 = Debug|Any CPU
		{8C9A5157-16C3-48B6-BD05-FEC030425577}.Debug|x86.ActiveCfg = Debug|Any CPU
		{8C9A5157-16C3-48B6-BD05-FEC030425577}.Debug|x86.Build.0 = Debug|Any CPU
		{8C9A5157-16C3-48B6-BD05-FEC030425577}.Release|Any CPU.ActiveCfg = Release|Any CPU
		{8C9A5157-16C3-48B6-BD05-FEC030425577}.Release|Any CPU.Build.0 = Release|Any CPU
		{8C9A5157-16C3-48B6-BD05-FEC030425577}.Release|x64.ActiveCfg = Release|Any CPU
		{8C9A5157-16C3-48B6-BD05-FEC030425577}.Release|x64.Build.0 = Release|Any CPU
		{8C9A5157-16C3-48B6-BD05-FEC030425577}.Release|x86.ActiveCfg = Release|Any CPU
		{8C9A5157-16C3-48B6-BD05-FEC030425577}.Release|x86.Build.0 = Release|Any CPU
		{CC72A380-1BD5-4D65-A424-6FFB335DBC86}.Debug|Any CPU.ActiveCfg = Debug|Any CPU
		{CC72A380-1BD5-4D65-A424-6FFB335DBC86}.Debug|Any CPU.Build.0 = Debug|Any CPU
		{CC72A380-1BD5-4D65-A424-6FFB335DBC86}.Debug|x64.ActiveCfg = Debug|Any CPU
		{CC72A380-1BD5-4D65-A424-6FFB335DBC86}.Debug|x64.Build.0 = Debug|Any CPU
		{CC72A380-1BD5-4D65-A424-6FFB335DBC86}.Debug|x86.ActiveCfg = Debug|Any CPU
		{CC72A380-1BD5-4D65-A424-6FFB335DBC86}.Debug|x86.Build.0 = Debug|Any CPU
		{CC72A380-1BD5-4D65-A424-6FFB335DBC86}.Release|Any CPU.ActiveCfg = Release|Any CPU
		{CC72A380-1BD5-4D65-A424-6FFB335DBC86}.Release|Any CPU.Build.0 = Release|Any CPU
		{CC72A380-1BD5-4D65-A424-6FFB335DBC86}.Release|x64.ActiveCfg = Release|Any CPU
		{CC72A380-1BD5-4D65-A424-6FFB335DBC86}.Release|x64.Build.0 = Release|Any CPU
		{CC72A380-1BD5-4D65-A424-6FFB335DBC86}.Release|x86.ActiveCfg = Release|Any CPU
		{CC72A380-1BD5-4D65-A424-6FFB335DBC86}.Release|x86.Build.0 = Release|Any CPU
		{69B7574B-4B5A-4FF1-B05E-5C6727703C11}.Debug|Any CPU.ActiveCfg = Debug|Any CPU
		{69B7574B-4B5A-4FF1-B05E-5C6727703C11}.Debug|Any CPU.Build.0 = Debug|Any CPU
		{69B7574B-4B5A-4FF1-B05E-5C6727703C11}.Debug|x64.ActiveCfg = Debug|Any CPU
		{69B7574B-4B5A-4FF1-B05E-5C6727703C11}.Debug|x64.Build.0 = Debug|Any CPU
		{69B7574B-4B5A-4FF1-B05E-5C6727703C11}.Debug|x86.ActiveCfg = Debug|Any CPU
		{69B7574B-4B5A-4FF1-B05E-5C6727703C11}.Debug|x86.Build.0 = Debug|Any CPU
		{69B7574B-4B5A-4FF1-B05E-5C6727703C11}.Release|Any CPU.ActiveCfg = Release|Any CPU
		{69B7574B-4B5A-4FF1-B05E-5C6727703C11}.Release|Any CPU.Build.0 = Release|Any CPU
		{69B7574B-4B5A-4FF1-B05E-5C6727703C11}.Release|x64.ActiveCfg = Release|Any CPU
		{69B7574B-4B5A-4FF1-B05E-5C6727703C11}.Release|x64.Build.0 = Release|Any CPU
		{69B7574B-4B5A-4FF1-B05E-5C6727703C11}.Release|x86.ActiveCfg = Release|Any CPU
		{69B7574B-4B5A-4FF1-B05E-5C6727703C11}.Release|x86.Build.0 = Release|Any CPU
		{1699A7A8-41BA-4434-AEC8-8D6F661EE97A}.Debug|Any CPU.ActiveCfg = Debug|Any CPU
		{1699A7A8-41BA-4434-AEC8-8D6F661EE97A}.Debug|Any CPU.Build.0 = Debug|Any CPU
		{1699A7A8-41BA-4434-AEC8-8D6F661EE97A}.Debug|x64.ActiveCfg = Debug|Any CPU
		{1699A7A8-41BA-4434-AEC8-8D6F661EE97A}.Debug|x64.Build.0 = Debug|Any CPU
		{1699A7A8-41BA-4434-AEC8-8D6F661EE97A}.Debug|x86.ActiveCfg = Debug|Any CPU
		{1699A7A8-41BA-4434-AEC8-8D6F661EE97A}.Debug|x86.Build.0 = Debug|Any CPU
		{1699A7A8-41BA-4434-AEC8-8D6F661EE97A}.Release|Any CPU.ActiveCfg = Release|Any CPU
		{1699A7A8-41BA-4434-AEC8-8D6F661EE97A}.Release|Any CPU.Build.0 = Release|Any CPU
		{1699A7A8-41BA-4434-AEC8-8D6F661EE97A}.Release|x64.ActiveCfg = Release|Any CPU
		{1699A7A8-41BA-4434-AEC8-8D6F661EE97A}.Release|x64.Build.0 = Release|Any CPU
		{1699A7A8-41BA-4434-AEC8-8D6F661EE97A}.Release|x86.ActiveCfg = Release|Any CPU
		{1699A7A8-41BA-4434-AEC8-8D6F661EE97A}.Release|x86.Build.0 = Release|Any CPU
		{C58D90D3-9F1E-4EA0-AA07-882A73D3808C}.Debug|Any CPU.ActiveCfg = Debug|Any CPU
		{C58D90D3-9F1E-4EA0-AA07-882A73D3808C}.Debug|Any CPU.Build.0 = Debug|Any CPU
		{C58D90D3-9F1E-4EA0-AA07-882A73D3808C}.Debug|x64.ActiveCfg = Debug|Any CPU
		{C58D90D3-9F1E-4EA0-AA07-882A73D3808C}.Debug|x64.Build.0 = Debug|Any CPU
		{C58D90D3-9F1E-4EA0-AA07-882A73D3808C}.Debug|x86.ActiveCfg = Debug|Any CPU
		{C58D90D3-9F1E-4EA0-AA07-882A73D3808C}.Debug|x86.Build.0 = Debug|Any CPU
		{C58D90D3-9F1E-4EA0-AA07-882A73D3808C}.Release|Any CPU.ActiveCfg = Release|Any CPU
		{C58D90D3-9F1E-4EA0-AA07-882A73D3808C}.Release|Any CPU.Build.0 = Release|Any CPU
		{C58D90D3-9F1E-4EA0-AA07-882A73D3808C}.Release|x64.ActiveCfg = Release|Any CPU
		{C58D90D3-9F1E-4EA0-AA07-882A73D3808C}.Release|x64.Build.0 = Release|Any CPU
		{C58D90D3-9F1E-4EA0-AA07-882A73D3808C}.Release|x86.ActiveCfg = Release|Any CPU
		{C58D90D3-9F1E-4EA0-AA07-882A73D3808C}.Release|x86.Build.0 = Release|Any CPU
		{2C9791F0-6AB9-4241-99D1-92F1477C95F6}.Debug|Any CPU.ActiveCfg = Debug|Any CPU
		{2C9791F0-6AB9-4241-99D1-92F1477C95F6}.Debug|Any CPU.Build.0 = Debug|Any CPU
		{2C9791F0-6AB9-4241-99D1-92F1477C95F6}.Debug|x64.ActiveCfg = Debug|Any CPU
		{2C9791F0-6AB9-4241-99D1-92F1477C95F6}.Debug|x64.Build.0 = Debug|Any CPU
		{2C9791F0-6AB9-4241-99D1-92F1477C95F6}.Debug|x86.ActiveCfg = Debug|Any CPU
		{2C9791F0-6AB9-4241-99D1-92F1477C95F6}.Debug|x86.Build.0 = Debug|Any CPU
		{2C9791F0-6AB9-4241-99D1-92F1477C95F6}.Release|Any CPU.ActiveCfg = Release|Any CPU
		{2C9791F0-6AB9-4241-99D1-92F1477C95F6}.Release|Any CPU.Build.0 = Release|Any CPU
		{2C9791F0-6AB9-4241-99D1-92F1477C95F6}.Release|x64.ActiveCfg = Release|Any CPU
		{2C9791F0-6AB9-4241-99D1-92F1477C95F6}.Release|x64.Build.0 = Release|Any CPU
		{2C9791F0-6AB9-4241-99D1-92F1477C95F6}.Release|x86.ActiveCfg = Release|Any CPU
		{2C9791F0-6AB9-4241-99D1-92F1477C95F6}.Release|x86.Build.0 = Release|Any CPU
		{1C0F7FA9-30A7-4393-BC2E-53A53B7F292E}.Debug|Any CPU.ActiveCfg = Debug|Any CPU
		{1C0F7FA9-30A7-4393-BC2E-53A53B7F292E}.Debug|Any CPU.Build.0 = Debug|Any CPU
		{1C0F7FA9-30A7-4393-BC2E-53A53B7F292E}.Debug|x64.ActiveCfg = Debug|Any CPU
		{1C0F7FA9-30A7-4393-BC2E-53A53B7F292E}.Debug|x64.Build.0 = Debug|Any CPU
		{1C0F7FA9-30A7-4393-BC2E-53A53B7F292E}.Debug|x86.ActiveCfg = Debug|Any CPU
		{1C0F7FA9-30A7-4393-BC2E-53A53B7F292E}.Debug|x86.Build.0 = Debug|Any CPU
		{1C0F7FA9-30A7-4393-BC2E-53A53B7F292E}.Release|Any CPU.ActiveCfg = Release|Any CPU
		{1C0F7FA9-30A7-4393-BC2E-53A53B7F292E}.Release|Any CPU.Build.0 = Release|Any CPU
		{1C0F7FA9-30A7-4393-BC2E-53A53B7F292E}.Release|x64.ActiveCfg = Release|Any CPU
		{1C0F7FA9-30A7-4393-BC2E-53A53B7F292E}.Release|x64.Build.0 = Release|Any CPU
		{1C0F7FA9-30A7-4393-BC2E-53A53B7F292E}.Release|x86.ActiveCfg = Release|Any CPU
		{1C0F7FA9-30A7-4393-BC2E-53A53B7F292E}.Release|x86.Build.0 = Release|Any CPU
		{FA96288C-72DF-4EEE-82AA-14E0608FC526}.Debug|Any CPU.ActiveCfg = Debug|Any CPU
		{FA96288C-72DF-4EEE-82AA-14E0608FC526}.Debug|Any CPU.Build.0 = Debug|Any CPU
		{FA96288C-72DF-4EEE-82AA-14E0608FC526}.Debug|x64.ActiveCfg = Debug|Any CPU
		{FA96288C-72DF-4EEE-82AA-14E0608FC526}.Debug|x64.Build.0 = Debug|Any CPU
		{FA96288C-72DF-4EEE-82AA-14E0608FC526}.Debug|x86.ActiveCfg = Debug|Any CPU
		{FA96288C-72DF-4EEE-82AA-14E0608FC526}.Debug|x86.Build.0 = Debug|Any CPU
		{FA96288C-72DF-4EEE-82AA-14E0608FC526}.Release|Any CPU.ActiveCfg = Release|Any CPU
		{FA96288C-72DF-4EEE-82AA-14E0608FC526}.Release|Any CPU.Build.0 = Release|Any CPU
		{FA96288C-72DF-4EEE-82AA-14E0608FC526}.Release|x64.ActiveCfg = Release|Any CPU
		{FA96288C-72DF-4EEE-82AA-14E0608FC526}.Release|x64.Build.0 = Release|Any CPU
		{FA96288C-72DF-4EEE-82AA-14E0608FC526}.Release|x86.ActiveCfg = Release|Any CPU
		{FA96288C-72DF-4EEE-82AA-14E0608FC526}.Release|x86.Build.0 = Release|Any CPU
		{F6625E7D-E305-4548-B643-ED8066F13664}.Debug|Any CPU.ActiveCfg = Debug|Any CPU
		{F6625E7D-E305-4548-B643-ED8066F13664}.Debug|Any CPU.Build.0 = Debug|Any CPU
		{F6625E7D-E305-4548-B643-ED8066F13664}.Debug|x64.ActiveCfg = Debug|Any CPU
		{F6625E7D-E305-4548-B643-ED8066F13664}.Debug|x64.Build.0 = Debug|Any CPU
		{F6625E7D-E305-4548-B643-ED8066F13664}.Debug|x86.ActiveCfg = Debug|Any CPU
		{F6625E7D-E305-4548-B643-ED8066F13664}.Debug|x86.Build.0 = Debug|Any CPU
		{F6625E7D-E305-4548-B643-ED8066F13664}.Release|Any CPU.ActiveCfg = Release|Any CPU
		{F6625E7D-E305-4548-B643-ED8066F13664}.Release|Any CPU.Build.0 = Release|Any CPU
		{F6625E7D-E305-4548-B643-ED8066F13664}.Release|x64.ActiveCfg = Release|Any CPU
		{F6625E7D-E305-4548-B643-ED8066F13664}.Release|x64.Build.0 = Release|Any CPU
		{F6625E7D-E305-4548-B643-ED8066F13664}.Release|x86.ActiveCfg = Release|Any CPU
		{F6625E7D-E305-4548-B643-ED8066F13664}.Release|x86.Build.0 = Release|Any CPU
	EndGlobalSection
	GlobalSection(SolutionProperties) = preSolution
		HideSolutionNode = FALSE
	EndGlobalSection
	GlobalSection(NestedProjects) = preSolution
		{B162EF79-76CA-4062-A804-D64977E4046D} = {2E6E02F8-DD33-4D3B-8884-4E14185B108B}
		{25FD28C1-F7C4-4E9C-B1E6-D08971A1F209} = {2E6E02F8-DD33-4D3B-8884-4E14185B108B}
		{996D0C29-E1F3-4C5D-8AB7-8425394ED455} = {25FD28C1-F7C4-4E9C-B1E6-D08971A1F209}
		{68761829-1B90-42E4-B8D0-90F060AA055D} = {25FD28C1-F7C4-4E9C-B1E6-D08971A1F209}
		{63DE329D-57DC-45A5-8D5E-FC01F0A7218B} = {25FD28C1-F7C4-4E9C-B1E6-D08971A1F209}
		{F82593BF-EE93-43ED-9B74-BA4E3CAAEB0D} = {25FD28C1-F7C4-4E9C-B1E6-D08971A1F209}
		{E8B7616F-474F-4018-B332-7F96C066D1AB} = {996D0C29-E1F3-4C5D-8AB7-8425394ED455}
		{00AA4BE5-A730-43AD-A3FE-656A540D1F79} = {996D0C29-E1F3-4C5D-8AB7-8425394ED455}
		{FCAB616F-3F3A-48B1-88E1-0F8E701A4487} = {996D0C29-E1F3-4C5D-8AB7-8425394ED455}
		{95F1DB87-2D2C-4CB5-9E28-C198C8152786} = {996D0C29-E1F3-4C5D-8AB7-8425394ED455}
		{58F61029-5EE6-442C-ADC9-91B50A1EE2C2} = {996D0C29-E1F3-4C5D-8AB7-8425394ED455}
		{B9B98F5A-E73D-46F7-90CC-D61E87FE3B6D} = {E8B7616F-474F-4018-B332-7F96C066D1AB}
		{76FDF0F3-9362-4E41-99AD-02BD7319BE4F} = {00AA4BE5-A730-43AD-A3FE-656A540D1F79}
		{2FBFE84C-2A1F-4278-AAC2-8C838F0D16B8} = {FCAB616F-3F3A-48B1-88E1-0F8E701A4487}
		{0D010393-DDEE-41E4-B651-FEA96E39DB4E} = {95F1DB87-2D2C-4CB5-9E28-C198C8152786}
		{A6B3C094-6D76-424E-BD98-B41DF7A79668} = {95F1DB87-2D2C-4CB5-9E28-C198C8152786}
		{8ECB2951-32CC-4CDC-93B5-5EA1068EF460} = {58F61029-5EE6-442C-ADC9-91B50A1EE2C2}
		{D62F29AA-A742-4DCD-B7C2-861987D1B2E1} = {FCAB616F-3F3A-48B1-88E1-0F8E701A4487}
		{04F06BE3-87A4-42E7-B9A7-03F3D46E1026} = {FCAB616F-3F3A-48B1-88E1-0F8E701A4487}
		{9F926C16-3B6B-495B-980D-A9D688C4E449} = {04F06BE3-87A4-42E7-B9A7-03F3D46E1026}
		{FFEBB5A1-9B8C-4797-8132-10D5846B6D34} = {00AA4BE5-A730-43AD-A3FE-656A540D1F79}
		{7BB6A92C-1E65-40E3-94B7-8BFB0985F1C8} = {FFEBB5A1-9B8C-4797-8132-10D5846B6D34}
		{786F9276-7229-4717-B7A4-2A6B2F93E10D} = {996D0C29-E1F3-4C5D-8AB7-8425394ED455}
		{6DC2DD94-1015-4884-9689-E93CE3587D10} = {786F9276-7229-4717-B7A4-2A6B2F93E10D}
		{75D5C6D6-B549-4E9B-9232-E585271DB7C5} = {68761829-1B90-42E4-B8D0-90F060AA055D}
		{D50119D0-2433-44CF-81EF-62236780BF00} = {68761829-1B90-42E4-B8D0-90F060AA055D}
		{EAC765FF-2C50-4AC9-9521-2770CCF0B877} = {68761829-1B90-42E4-B8D0-90F060AA055D}
		{BE88458E-AA6D-4776-9B5A-57A8D40F4AD0} = {68761829-1B90-42E4-B8D0-90F060AA055D}
		{8C9A5157-16C3-48B6-BD05-FEC030425577} = {75D5C6D6-B549-4E9B-9232-E585271DB7C5}
		{CC72A380-1BD5-4D65-A424-6FFB335DBC86} = {D50119D0-2433-44CF-81EF-62236780BF00}
		{69B7574B-4B5A-4FF1-B05E-5C6727703C11} = {EAC765FF-2C50-4AC9-9521-2770CCF0B877}
		{1699A7A8-41BA-4434-AEC8-8D6F661EE97A} = {BE88458E-AA6D-4776-9B5A-57A8D40F4AD0}
		{F438D069-43A3-4D6E-BF48-D6E042651FA8} = {68761829-1B90-42E4-B8D0-90F060AA055D}
		{C58D90D3-9F1E-4EA0-AA07-882A73D3808C} = {F438D069-43A3-4D6E-BF48-D6E042651FA8}
		{AC0D620E-E702-47E3-9EB5-04E35A3E2C11} = {EAC765FF-2C50-4AC9-9521-2770CCF0B877}
		{2C9791F0-6AB9-4241-99D1-92F1477C95F6} = {AC0D620E-E702-47E3-9EB5-04E35A3E2C11}
		{1C0F7FA9-30A7-4393-BC2E-53A53B7F292E} = {BE88458E-AA6D-4776-9B5A-57A8D40F4AD0}
		{3C3F1487-03F0-4B10-A523-B982019487E4} = {68761829-1B90-42E4-B8D0-90F060AA055D}
		{FA96288C-72DF-4EEE-82AA-14E0608FC526} = {3C3F1487-03F0-4B10-A523-B982019487E4}
		{205A98BF-8EFC-49FD-AA9C-D2D7AF3F5F5D} = {D50119D0-2433-44CF-81EF-62236780BF00}
		{F6625E7D-E305-4548-B643-ED8066F13664} = {205A98BF-8EFC-49FD-AA9C-D2D7AF3F5F5D}
	EndGlobalSection
	GlobalSection(ExtensibilityGlobals) = postSolution
		SolutionGuid = {678D089D-3035-465F-9A6D-051D18F409D0}
	EndGlobalSection
EndGlobal
